// !$*UTF8*$!
{
	archiveVersion = 1;
	classes = {
	};
	objectVersion = 56;
	objects = {

/* Begin PBXBuildFile section */
		6961BA0929EFD95C00B79DFB /* AppDelegate.swift in Sources */ = {isa = PBXBuildFile; fileRef = 6961BA0829EFD95C00B79DFB /* AppDelegate.swift */; };
		6961BA0B29EFD95C00B79DFB /* SceneDelegate.swift in Sources */ = {isa = PBXBuildFile; fileRef = 6961BA0A29EFD95C00B79DFB /* SceneDelegate.swift */; };
		6961BA0D29EFD95C00B79DFB /* ViewController.swift in Sources */ = {isa = PBXBuildFile; fileRef = 6961BA0C29EFD95C00B79DFB /* ViewController.swift */; };
		6961BA1029EFD95C00B79DFB /* Main.storyboard in Resources */ = {isa = PBXBuildFile; fileRef = 6961BA0E29EFD95C00B79DFB /* Main.storyboard */; };
		6961BA1329EFD95C00B79DFB /* BluTask.xcdatamodeld in Sources */ = {isa = PBXBuildFile; fileRef = 6961BA1129EFD95C00B79DFB /* BluTask.xcdatamodeld */; };
		6961BA1529EFD95D00B79DFB /* Assets.xcassets in Resources */ = {isa = PBXBuildFile; fileRef = 6961BA1429EFD95D00B79DFB /* Assets.xcassets */; };
		6961BA1829EFD95D00B79DFB /* LaunchScreen.storyboard in Resources */ = {isa = PBXBuildFile; fileRef = 6961BA1629EFD95D00B79DFB /* LaunchScreen.storyboard */; };
		6961BA2329EFD95D00B79DFB /* BluTaskTests.swift in Sources */ = {isa = PBXBuildFile; fileRef = 6961BA2229EFD95D00B79DFB /* BluTaskTests.swift */; };
		6961BA2D29EFD95D00B79DFB /* BluTaskUITests.swift in Sources */ = {isa = PBXBuildFile; fileRef = 6961BA2C29EFD95D00B79DFB /* BluTaskUITests.swift */; };
		6961BA2F29EFD95D00B79DFB /* BluTaskUITestsLaunchTests.swift in Sources */ = {isa = PBXBuildFile; fileRef = 6961BA2E29EFD95D00B79DFB /* BluTaskUITestsLaunchTests.swift */; };
/* End PBXBuildFile section */

/* Begin PBXContainerItemProxy section */
		6961BA1F29EFD95D00B79DFB /* PBXContainerItemProxy */ = {
			isa = PBXContainerItemProxy;
			containerPortal = 6961B9FD29EFD95C00B79DFB /* Project object */;
			proxyType = 1;
			remoteGlobalIDString = 6961BA0429EFD95C00B79DFB;
			remoteInfo = BluTask;
		};
		6961BA2929EFD95D00B79DFB /* PBXContainerItemProxy */ = {
			isa = PBXContainerItemProxy;
			containerPortal = 6961B9FD29EFD95C00B79DFB /* Project object */;
			proxyType = 1;
			remoteGlobalIDString = 6961BA0429EFD95C00B79DFB;
			remoteInfo = BluTask;
		};
/* End PBXContainerItemProxy section */

/* Begin PBXFileReference section */
		6961BA0529EFD95C00B79DFB /* BluTask.app */ = {isa = PBXFileReference; explicitFileType = wrapper.application; includeInIndex = 0; path = BluTask.app; sourceTree = BUILT_PRODUCTS_DIR; };
		6961BA0829EFD95C00B79DFB /* AppDelegate.swift */ = {isa = PBXFileReference; lastKnownFileType = sourcecode.swift; path = AppDelegate.swift; sourceTree = "<group>"; };
		6961BA0A29EFD95C00B79DFB /* SceneDelegate.swift */ = {isa = PBXFileReference; lastKnownFileType = sourcecode.swift; path = SceneDelegate.swift; sourceTree = "<group>"; };
		6961BA0C29EFD95C00B79DFB /* ViewController.swift */ = {isa = PBXFileReference; lastKnownFileType = sourcecode.swift; path = ViewController.swift; sourceTree = "<group>"; };
		6961BA0F29EFD95C00B79DFB /* Base */ = {isa = PBXFileReference; lastKnownFileType = file.storyboard; name = Base; path = Base.lproj/Main.storyboard; sourceTree = "<group>"; };
		6961BA1229EFD95C00B79DFB /* BluTask.xcdatamodel */ = {isa = PBXFileReference; lastKnownFileType = wrapper.xcdatamodel; path = BluTask.xcdatamodel; sourceTree = "<group>"; };
		6961BA1429EFD95D00B79DFB /* Assets.xcassets */ = {isa = PBXFileReference; lastKnownFileType = folder.assetcatalog; path = Assets.xcassets; sourceTree = "<group>"; };
		6961BA1729EFD95D00B79DFB /* Base */ = {isa = PBXFileReference; lastKnownFileType = file.storyboard; name = Base; path = Base.lproj/LaunchScreen.storyboard; sourceTree = "<group>"; };
		6961BA1929EFD95D00B79DFB /* Info.plist */ = {isa = PBXFileReference; lastKnownFileType = text.plist.xml; path = Info.plist; sourceTree = "<group>"; };
		6961BA1E29EFD95D00B79DFB /* BluTaskTests.xctest */ = {isa = PBXFileReference; explicitFileType = wrapper.cfbundle; includeInIndex = 0; path = BluTaskTests.xctest; sourceTree = BUILT_PRODUCTS_DIR; };
		6961BA2229EFD95D00B79DFB /* BluTaskTests.swift */ = {isa = PBXFileReference; lastKnownFileType = sourcecode.swift; path = BluTaskTests.swift; sourceTree = "<group>"; };
		6961BA2829EFD95D00B79DFB /* BluTaskUITests.xctest */ = {isa = PBXFileReference; explicitFileType = wrapper.cfbundle; includeInIndex = 0; path = BluTaskUITests.xctest; sourceTree = BUILT_PRODUCTS_DIR; };
		6961BA2C29EFD95D00B79DFB /* BluTaskUITests.swift */ = {isa = PBXFileReference; lastKnownFileType = sourcecode.swift; path = BluTaskUITests.swift; sourceTree = "<group>"; };
		6961BA2E29EFD95D00B79DFB /* BluTaskUITestsLaunchTests.swift */ = {isa = PBXFileReference; lastKnownFileType = sourcecode.swift; path = BluTaskUITestsLaunchTests.swift; sourceTree = "<group>"; };
/* End PBXFileReference section */

/* Begin PBXFrameworksBuildPhase section */
		6961BA0229EFD95C00B79DFB /* Frameworks */ = {
			isa = PBXFrameworksBuildPhase;
			buildActionMask = 2147483647;
			files = (
			);
			runOnlyForDeploymentPostprocessing = 0;
		};
		6961BA1B29EFD95D00B79DFB /* Frameworks */ = {
			isa = PBXFrameworksBuildPhase;
			buildActionMask = 2147483647;
			files = (
			);
			runOnlyForDeploymentPostprocessing = 0;
		};
		6961BA2529EFD95D00B79DFB /* Frameworks */ = {
			isa = PBXFrameworksBuildPhase;
			buildActionMask = 2147483647;
			files = (
			);
			runOnlyForDeploymentPostprocessing = 0;
		};
/* End PBXFrameworksBuildPhase section */

/* Begin PBXGroup section */
		6961B9FC29EFD95C00B79DFB = {
			isa = PBXGroup;
			children = (
				6961BA0729EFD95C00B79DFB /* BluTask */,
				6961BA2129EFD95D00B79DFB /* BluTaskTests */,
				6961BA2B29EFD95D00B79DFB /* BluTaskUITests */,
				6961BA0629EFD95C00B79DFB /* Products */,
			);
			sourceTree = "<group>";
		};
		6961BA0629EFD95C00B79DFB /* Products */ = {
			isa = PBXGroup;
			children = (
				6961BA0529EFD95C00B79DFB /* BluTask.app */,
				6961BA1E29EFD95D00B79DFB /* BluTaskTests.xctest */,
				6961BA2829EFD95D00B79DFB /* BluTaskUITests.xctest */,
			);
			name = Products;
			sourceTree = "<group>";
		};
		6961BA0729EFD95C00B79DFB /* BluTask */ = {
			isa = PBXGroup;
			children = (
				6961BA0829EFD95C00B79DFB /* AppDelegate.swift */,
				6961BA0A29EFD95C00B79DFB /* SceneDelegate.swift */,
				6961BA0C29EFD95C00B79DFB /* ViewController.swift */,
				6961BA0E29EFD95C00B79DFB /* Main.storyboard */,
				6961BA1429EFD95D00B79DFB /* Assets.xcassets */,
				6961BA1629EFD95D00B79DFB /* LaunchScreen.storyboard */,
				6961BA1929EFD95D00B79DFB /* Info.plist */,
				6961BA1129EFD95C00B79DFB /* BluTask.xcdatamodeld */,
			);
			path = BluTask;
			sourceTree = "<group>";
		};
		6961BA2129EFD95D00B79DFB /* BluTaskTests */ = {
			isa = PBXGroup;
			children = (
				6961BA2229EFD95D00B79DFB /* BluTaskTests.swift */,
			);
			path = BluTaskTests;
			sourceTree = "<group>";
		};
		6961BA2B29EFD95D00B79DFB /* BluTaskUITests */ = {
			isa = PBXGroup;
			children = (
				6961BA2C29EFD95D00B79DFB /* BluTaskUITests.swift */,
				6961BA2E29EFD95D00B79DFB /* BluTaskUITestsLaunchTests.swift */,
			);
			path = BluTaskUITests;
			sourceTree = "<group>";
		};
/* End PBXGroup section */

/* Begin PBXNativeTarget section */
		6961BA0429EFD95C00B79DFB /* BluTask */ = {
			isa = PBXNativeTarget;
			buildConfigurationList = 6961BA3229EFD95D00B79DFB /* Build configuration list for PBXNativeTarget "BluTask" */;
			buildPhases = (
				6961BA0129EFD95C00B79DFB /* Sources */,
				6961BA0229EFD95C00B79DFB /* Frameworks */,
				6961BA0329EFD95C00B79DFB /* Resources */,
			);
			buildRules = (
			);
			dependencies = (
			);
			name = BluTask;
			productName = BluTask;
			productReference = 6961BA0529EFD95C00B79DFB /* BluTask.app */;
			productType = "com.apple.product-type.application";
		};
		6961BA1D29EFD95D00B79DFB /* BluTaskTests */ = {
			isa = PBXNativeTarget;
			buildConfigurationList = 6961BA3529EFD95D00B79DFB /* Build configuration list for PBXNativeTarget "BluTaskTests" */;
			buildPhases = (
				6961BA1A29EFD95D00B79DFB /* Sources */,
				6961BA1B29EFD95D00B79DFB /* Frameworks */,
				6961BA1C29EFD95D00B79DFB /* Resources */,
			);
			buildRules = (
			);
			dependencies = (
				6961BA2029EFD95D00B79DFB /* PBXTargetDependency */,
			);
			name = BluTaskTests;
			productName = BluTaskTests;
			productReference = 6961BA1E29EFD95D00B79DFB /* BluTaskTests.xctest */;
			productType = "com.apple.product-type.bundle.unit-test";
		};
		6961BA2729EFD95D00B79DFB /* BluTaskUITests */ = {
			isa = PBXNativeTarget;
			buildConfigurationList = 6961BA3829EFD95D00B79DFB /* Build configuration list for PBXNativeTarget "BluTaskUITests" */;
			buildPhases = (
				6961BA2429EFD95D00B79DFB /* Sources */,
				6961BA2529EFD95D00B79DFB /* Frameworks */,
				6961BA2629EFD95D00B79DFB /* Resources */,
			);
			buildRules = (
			);
			dependencies = (
				6961BA2A29EFD95D00B79DFB /* PBXTargetDependency */,
			);
			name = BluTaskUITests;
			productName = BluTaskUITests;
			productReference = 6961BA2829EFD95D00B79DFB /* BluTaskUITests.xctest */;
			productType = "com.apple.product-type.bundle.ui-testing";
		};
/* End PBXNativeTarget section */

/* Begin PBXProject section */
		6961B9FD29EFD95C00B79DFB /* Project object */ = {
			isa = PBXProject;
			attributes = {
				BuildIndependentTargetsInParallel = 1;
				LastSwiftUpdateCheck = 1430;
				LastUpgradeCheck = 1430;
				TargetAttributes = {
					6961BA0429EFD95C00B79DFB = {
						CreatedOnToolsVersion = 14.3;
					};
					6961BA1D29EFD95D00B79DFB = {
						CreatedOnToolsVersion = 14.3;
						TestTargetID = 6961BA0429EFD95C00B79DFB;
					};
					6961BA2729EFD95D00B79DFB = {
						CreatedOnToolsVersion = 14.3;
						TestTargetID = 6961BA0429EFD95C00B79DFB;
					};
				};
			};
			buildConfigurationList = 6961BA0029EFD95C00B79DFB /* Build configuration list for PBXProject "BluTask" */;
			compatibilityVersion = "Xcode 14.0";
			developmentRegion = en;
			hasScannedForEncodings = 0;
			knownRegions = (
				en,
				Base,
			);
			mainGroup = 6961B9FC29EFD95C00B79DFB;
			productRefGroup = 6961BA0629EFD95C00B79DFB /* Products */;
			projectDirPath = "";
			projectRoot = "";
			targets = (
				6961BA0429EFD95C00B79DFB /* BluTask */,
				6961BA1D29EFD95D00B79DFB /* BluTaskTests */,
				6961BA2729EFD95D00B79DFB /* BluTaskUITests */,
			);
		};
/* End PBXProject section */

/* Begin PBXResourcesBuildPhase section */
		6961BA0329EFD95C00B79DFB /* Resources */ = {
			isa = PBXResourcesBuildPhase;
			buildActionMask = 2147483647;
			files = (
				6961BA1829EFD95D00B79DFB /* LaunchScreen.storyboard in Resources */,
				6961BA1529EFD95D00B79DFB /* Assets.xcassets in Resources */,
				6961BA1029EFD95C00B79DFB /* Main.storyboard in Resources */,
			);
			runOnlyForDeploymentPostprocessing = 0;
		};
		6961BA1C29EFD95D00B79DFB /* Resources */ = {
			isa = PBXResourcesBuildPhase;
			buildActionMask = 2147483647;
			files = (
			);
			runOnlyForDeploymentPostprocessing = 0;
		};
		6961BA2629EFD95D00B79DFB /* Resources */ = {
			isa = PBXResourcesBuildPhase;
			buildActionMask = 2147483647;
			files = (
			);
			runOnlyForDeploymentPostprocessing = 0;
		};
/* End PBXResourcesBuildPhase section */

/* Begin PBXSourcesBuildPhase section */
		6961BA0129EFD95C00B79DFB /* Sources */ = {
			isa = PBXSourcesBuildPhase;
			buildActionMask = 2147483647;
			files = (
				6961BA0D29EFD95C00B79DFB /* ViewController.swift in Sources */,
				6961BA0929EFD95C00B79DFB /* AppDelegate.swift in Sources */,
				6961BA1329EFD95C00B79DFB /* BluTask.xcdatamodeld in Sources */,
				6961BA0B29EFD95C00B79DFB /* SceneDelegate.swift in Sources */,
			);
			runOnlyForDeploymentPostprocessing = 0;
		};
		6961BA1A29EFD95D00B79DFB /* Sources */ = {
			isa = PBXSourcesBuildPhase;
			buildActionMask = 2147483647;
			files = (
				6961BA2329EFD95D00B79DFB /* BluTaskTests.swift in Sources */,
			);
			runOnlyForDeploymentPostprocessing = 0;
		};
		6961BA2429EFD95D00B79DFB /* Sources */ = {
			isa = PBXSourcesBuildPhase;
			buildActionMask = 2147483647;
			files = (
				6961BA2D29EFD95D00B79DFB /* BluTaskUITests.swift in Sources */,
				6961BA2F29EFD95D00B79DFB /* BluTaskUITestsLaunchTests.swift in Sources */,
			);
			runOnlyForDeploymentPostprocessing = 0;
		};
/* End PBXSourcesBuildPhase section */

/* Begin PBXTargetDependency section */
		6961BA2029EFD95D00B79DFB /* PBXTargetDependency */ = {
			isa = PBXTargetDependency;
			target = 6961BA0429EFD95C00B79DFB /* BluTask */;
			targetProxy = 6961BA1F29EFD95D00B79DFB /* PBXContainerItemProxy */;
		};
		6961BA2A29EFD95D00B79DFB /* PBXTargetDependency */ = {
			isa = PBXTargetDependency;
			target = 6961BA0429EFD95C00B79DFB /* BluTask */;
			targetProxy = 6961BA2929EFD95D00B79DFB /* PBXContainerItemProxy */;
		};
/* End PBXTargetDependency section */

/* Begin PBXVariantGroup section */
		6961BA0E29EFD95C00B79DFB /* Main.storyboard */ = {
			isa = PBXVariantGroup;
			children = (
				6961BA0F29EFD95C00B79DFB /* Base */,
			);
			name = Main.storyboard;
			sourceTree = "<group>";
		};
		6961BA1629EFD95D00B79DFB /* LaunchScreen.storyboard */ = {
			isa = PBXVariantGroup;
			children = (
				6961BA1729EFD95D00B79DFB /* Base */,
			);
			name = LaunchScreen.storyboard;
			sourceTree = "<group>";
		};
/* End PBXVariantGroup section */

/* Begin XCBuildConfiguration section */
		6961BA3029EFD95D00B79DFB /* Debug */ = {
			isa = XCBuildConfiguration;
			buildSettings = {
				ALWAYS_SEARCH_USER_PATHS = NO;
				CLANG_ANALYZER_NONNULL = YES;
				CLANG_ANALYZER_NUMBER_OBJECT_CONVERSION = YES_AGGRESSIVE;
				CLANG_CXX_LANGUAGE_STANDARD = "gnu++20";
				CLANG_ENABLE_MODULES = YES;
				CLANG_ENABLE_OBJC_ARC = YES;
				CLANG_ENABLE_OBJC_WEAK = YES;
				CLANG_WARN_BLOCK_CAPTURE_AUTORELEASING = YES;
				CLANG_WARN_BOOL_CONVERSION = YES;
				CLANG_WARN_COMMA = YES;
				CLANG_WARN_CONSTANT_CONVERSION = YES;
				CLANG_WARN_DEPRECATED_OBJC_IMPLEMENTATIONS = YES;
				CLANG_WARN_DIRECT_OBJC_ISA_USAGE = YES_ERROR;
				CLANG_WARN_DOCUMENTATION_COMMENTS = YES;
				CLANG_WARN_EMPTY_BODY = YES;
				CLANG_WARN_ENUM_CONVERSION = YES;
				CLANG_WARN_INFINITE_RECURSION = YES;
				CLANG_WARN_INT_CONVERSION = YES;
				CLANG_WARN_NON_LITERAL_NULL_CONVERSION = YES;
				CLANG_WARN_OBJC_IMPLICIT_RETAIN_SELF = YES;
				CLANG_WARN_OBJC_LITERAL_CONVERSION = YES;
				CLANG_WARN_OBJC_ROOT_CLASS = YES_ERROR;
				CLANG_WARN_QUOTED_INCLUDE_IN_FRAMEWORK_HEADER = YES;
				CLANG_WARN_RANGE_LOOP_ANALYSIS = YES;
				CLANG_WARN_STRICT_PROTOTYPES = YES;
				CLANG_WARN_SUSPICIOUS_MOVE = YES;
				CLANG_WARN_UNGUARDED_AVAILABILITY = YES_AGGRESSIVE;
				CLANG_WARN_UNREACHABLE_CODE = YES;
				CLANG_WARN__DUPLICATE_METHOD_MATCH = YES;
				COPY_PHASE_STRIP = NO;
				DEBUG_INFORMATION_FORMAT = dwarf;
				ENABLE_STRICT_OBJC_MSGSEND = YES;
				ENABLE_TESTABILITY = YES;
				GCC_C_LANGUAGE_STANDARD = gnu11;
				GCC_DYNAMIC_NO_PIC = NO;
				GCC_NO_COMMON_BLOCKS = YES;
				GCC_OPTIMIZATION_LEVEL = 0;
				GCC_PREPROCESSOR_DEFINITIONS = (
					"DEBUG=1",
					"$(inherited)",
				);
				GCC_WARN_64_TO_32_BIT_CONVERSION = YES;
				GCC_WARN_ABOUT_RETURN_TYPE = YES_ERROR;
				GCC_WARN_UNDECLARED_SELECTOR = YES;
				GCC_WARN_UNINITIALIZED_AUTOS = YES_AGGRESSIVE;
				GCC_WARN_UNUSED_FUNCTION = YES;
				GCC_WARN_UNUSED_VARIABLE = YES;
				IPHONEOS_DEPLOYMENT_TARGET = 16.4;
				MTL_ENABLE_DEBUG_INFO = INCLUDE_SOURCE;
				MTL_FAST_MATH = YES;
				ONLY_ACTIVE_ARCH = YES;
				SDKROOT = iphoneos;
				SWIFT_ACTIVE_COMPILATION_CONDITIONS = DEBUG;
				SWIFT_OPTIMIZATION_LEVEL = "-Onone";
			};
			name = Debug;
		};
		6961BA3129EFD95D00B79DFB /* Release */ = {
			isa = XCBuildConfiguration;
			buildSettings = {
				ALWAYS_SEARCH_USER_PATHS = NO;
				CLANG_ANALYZER_NONNULL = YES;
				CLANG_ANALYZER_NUMBER_OBJECT_CONVERSION = YES_AGGRESSIVE;
				CLANG_CXX_LANGUAGE_STANDARD = "gnu++20";
				CLANG_ENABLE_MODULES = YES;
				CLANG_ENABLE_OBJC_ARC = YES;
				CLANG_ENABLE_OBJC_WEAK = YES;
				CLANG_WARN_BLOCK_CAPTURE_AUTORELEASING = YES;
				CLANG_WARN_BOOL_CONVERSION = YES;
				CLANG_WARN_COMMA = YES;
				CLANG_WARN_CONSTANT_CONVERSION = YES;
				CLANG_WARN_DEPRECATED_OBJC_IMPLEMENTATIONS = YES;
				CLANG_WARN_DIRECT_OBJC_ISA_USAGE = YES_ERROR;
				CLANG_WARN_DOCUMENTATION_COMMENTS = YES;
				CLANG_WARN_EMPTY_BODY = YES;
				CLANG_WARN_ENUM_CONVERSION = YES;
				CLANG_WARN_INFINITE_RECURSION = YES;
				CLANG_WARN_INT_CONVERSION = YES;
				CLANG_WARN_NON_LITERAL_NULL_CONVERSION = YES;
				CLANG_WARN_OBJC_IMPLICIT_RETAIN_SELF = YES;
				CLANG_WARN_OBJC_LITERAL_CONVERSION = YES;
				CLANG_WARN_OBJC_ROOT_CLASS = YES_ERROR;
				CLANG_WARN_QUOTED_INCLUDE_IN_FRAMEWORK_HEADER = YES;
				CLANG_WARN_RANGE_LOOP_ANALYSIS = YES;
				CLANG_WARN_STRICT_PROTOTYPES = YES;
				CLANG_WARN_SUSPICIOUS_MOVE = YES;
				CLANG_WARN_UNGUARDED_AVAILABILITY = YES_AGGRESSIVE;
				CLANG_WARN_UNREACHABLE_CODE = YES;
				CLANG_WARN__DUPLICATE_METHOD_MATCH = YES;
				COPY_PHASE_STRIP = NO;
				DEBUG_INFORMATION_FORMAT = "dwarf-with-dsym";
				ENABLE_NS_ASSERTIONS = NO;
				ENABLE_STRICT_OBJC_MSGSEND = YES;
				GCC_C_LANGUAGE_STANDARD = gnu11;
				GCC_NO_COMMON_BLOCKS = YES;
				GCC_WARN_64_TO_32_BIT_CONVERSION = YES;
				GCC_WARN_ABOUT_RETURN_TYPE = YES_ERROR;
				GCC_WARN_UNDECLARED_SELECTOR = YES;
				GCC_WARN_UNINITIALIZED_AUTOS = YES_AGGRESSIVE;
				GCC_WARN_UNUSED_FUNCTION = YES;
				GCC_WARN_UNUSED_VARIABLE = YES;
				IPHONEOS_DEPLOYMENT_TARGET = 16.4;
				MTL_ENABLE_DEBUG_INFO = NO;
				MTL_FAST_MATH = YES;
				SDKROOT = iphoneos;
				SWIFT_COMPILATION_MODE = wholemodule;
				SWIFT_OPTIMIZATION_LEVEL = "-O";
				VALIDATE_PRODUCT = YES;
			};
			name = Release;
		};
		6961BA3329EFD95D00B79DFB /* Debug */ = {
			isa = XCBuildConfiguration;
			buildSettings = {
				ASSETCATALOG_COMPILER_APPICON_NAME = AppIcon;
				ASSETCATALOG_COMPILER_GLOBAL_ACCENT_COLOR_NAME = AccentColor;
				CODE_SIGN_STYLE = Automatic;
				CURRENT_PROJECT_VERSION = 1;
				DEVELOPMENT_TEAM = 7S9X5Z5ZGM;
				GENERATE_INFOPLIST_FILE = YES;
				INFOPLIST_FILE = BluTask/Info.plist;
				INFOPLIST_KEY_UIApplicationSupportsIndirectInputEvents = YES;
				INFOPLIST_KEY_UILaunchStoryboardName = LaunchScreen;
				INFOPLIST_KEY_UIMainStoryboardFile = Main;
				INFOPLIST_KEY_UISupportedInterfaceOrientations_iPad = "UIInterfaceOrientationPortrait UIInterfaceOrientationPortraitUpsideDown UIInterfaceOrientationLandscapeLeft UIInterfaceOrientationLandscapeRight";
				INFOPLIST_KEY_UISupportedInterfaceOrientations_iPhone = "UIInterfaceOrientationPortrait UIInterfaceOrientationLandscapeLeft UIInterfaceOrientationLandscapeRight";
				LD_RUNPATH_SEARCH_PATHS = (
					"$(inherited)",
					"@executable_path/Frameworks",
				);
				MARKETING_VERSION = 1.0;
				PRODUCT_BUNDLE_IDENTIFIER = com.javid.BluTask;
				PRODUCT_NAME = "$(TARGET_NAME)";
				SWIFT_EMIT_LOC_STRINGS = YES;
				SWIFT_VERSION = 5.0;
				TARGETED_DEVICE_FAMILY = "1,2";
			};
			name = Debug;
		};
		6961BA3429EFD95D00B79DFB /* Release */ = {
			isa = XCBuildConfiguration;
			buildSettings = {
				ASSETCATALOG_COMPILER_APPICON_NAME = AppIcon;
				ASSETCATALOG_COMPILER_GLOBAL_ACCENT_COLOR_NAME = AccentColor;
				CODE_SIGN_STYLE = Automatic;
				CURRENT_PROJECT_VERSION = 1;
				DEVELOPMENT_TEAM = 7S9X5Z5ZGM;
				GENERATE_INFOPLIST_FILE = YES;
				INFOPLIST_FILE = BluTask/Info.plist;
				INFOPLIST_KEY_UIApplicationSupportsIndirectInputEvents = YES;
				INFOPLIST_KEY_UILaunchStoryboardName = LaunchScreen;
				INFOPLIST_KEY_UIMainStoryboardFile = Main;
				INFOPLIST_KEY_UISupportedInterfaceOrientations_iPad = "UIInterfaceOrientationPortrait UIInterfaceOrientationPortraitUpsideDown UIInterfaceOrientationLandscapeLeft UIInterfaceOrientationLandscapeRight";
				INFOPLIST_KEY_UISupportedInterfaceOrientations_iPhone = "UIInterfaceOrientationPortrait UIInterfaceOrientationLandscapeLeft UIInterfaceOrientationLandscapeRight";
				LD_RUNPATH_SEARCH_PATHS = (
					"$(inherited)",
					"@executable_path/Frameworks",
				);
				MARKETING_VERSION = 1.0;
				PRODUCT_BUNDLE_IDENTIFIER = com.javid.BluTask;
				PRODUCT_NAME = "$(TARGET_NAME)";
				SWIFT_EMIT_LOC_STRINGS = YES;
				SWIFT_VERSION = 5.0;
				TARGETED_DEVICE_FAMILY = "1,2";
			};
			name = Release;
		};
		6961BA3629EFD95D00B79DFB /* Debug */ = {
			isa = XCBuildConfiguration;
			buildSettings = {
				ALWAYS_EMBED_SWIFT_STANDARD_LIBRARIES = YES;
				BUNDLE_LOADER = "$(TEST_HOST)";
				CODE_SIGN_STYLE = Automatic;
				CURRENT_PROJECT_VERSION = 1;
				DEVELOPMENT_TEAM = 7S9X5Z5ZGM;
				GENERATE_INFOPLIST_FILE = YES;
				IPHONEOS_DEPLOYMENT_TARGET = 16.4;
				MARKETING_VERSION = 1.0;
				PRODUCT_BUNDLE_IDENTIFIER = com.javid.BluTaskTests;
				PRODUCT_NAME = "$(TARGET_NAME)";
				SWIFT_EMIT_LOC_STRINGS = NO;
				SWIFT_VERSION = 5.0;
				TARGETED_DEVICE_FAMILY = "1,2";
				TEST_HOST = "$(BUILT_PRODUCTS_DIR)/BluTask.app/$(BUNDLE_EXECUTABLE_FOLDER_PATH)/BluTask";
			};
			name = Debug;
		};
		6961BA3729EFD95D00B79DFB /* Release */ = {
			isa = XCBuildConfiguration;
			buildSettings = {
				ALWAYS_EMBED_SWIFT_STANDARD_LIBRARIES = YES;
				BUNDLE_LOADER = "$(TEST_HOST)";
				CODE_SIGN_STYLE = Automatic;
				CURRENT_PROJECT_VERSION = 1;
				DEVELOPMENT_TEAM = 7S9X5Z5ZGM;
				GENERATE_INFOPLIST_FILE = YES;
				IPHONEOS_DEPLOYMENT_TARGET = 16.4;
				MARKETING_VERSION = 1.0;
				PRODUCT_BUNDLE_IDENTIFIER = com.javid.BluTaskTests;
				PRODUCT_NAME = "$(TARGET_NAME)";
				SWIFT_EMIT_LOC_STRINGS = NO;
				SWIFT_VERSION = 5.0;
				TARGETED_DEVICE_FAMILY = "1,2";
				TEST_HOST = "$(BUILT_PRODUCTS_DIR)/BluTask.app/$(BUNDLE_EXECUTABLE_FOLDER_PATH)/BluTask";
			};
			name = Release;
		};
		6961BA3929EFD95D00B79DFB /* Debug */ = {
			isa = XCBuildConfiguration;
			buildSettings = {
				ALWAYS_EMBED_SWIFT_STANDARD_LIBRARIES = YES;
				CODE_SIGN_STYLE = Automatic;
				CURRENT_PROJECT_VERSION = 1;
				DEVELOPMENT_TEAM = 7S9X5Z5ZGM;
				GENERATE_INFOPLIST_FILE = YES;
				MARKETING_VERSION = 1.0;
				PRODUCT_BUNDLE_IDENTIFIER = com.javid.BluTaskUITests;
				PRODUCT_NAME = "$(TARGET_NAME)";
				SWIFT_EMIT_LOC_STRINGS = NO;
				SWIFT_VERSION = 5.0;
				TARGETED_DEVICE_FAMILY = "1,2";
				TEST_TARGET_NAME = BluTask;
			};
			name = Debug;
		};
		6961BA3A29EFD95D00B79DFB /* Release */ = {
			isa = XCBuildConfiguration;
			buildSettings = {
				ALWAYS_EMBED_SWIFT_STANDARD_LIBRARIES = YES;
				CODE_SIGN_STYLE = Automatic;
				CURRENT_PROJECT_VERSION = 1;
				DEVELOPMENT_TEAM = 7S9X5Z5ZGM;
				GENERATE_INFOPLIST_FILE = YES;
				MARKETING_VERSION = 1.0;
				PRODUCT_BUNDLE_IDENTIFIER = com.javid.BluTaskUITests;
				PRODUCT_NAME = "$(TARGET_NAME)";
				SWIFT_EMIT_LOC_STRINGS = NO;
				SWIFT_VERSION = 5.0;
				TARGETED_DEVICE_FAMILY = "1,2";
				TEST_TARGET_NAME = BluTask;
			};
			name = Release;
		};
/* End XCBuildConfiguration section */

/* Begin XCConfigurationList section */
		6961BA0029EFD95C00B79DFB /* Build configuration list for PBXProject "BluTask" */ = {
			isa = XCConfigurationList;
			buildConfigurations = (
				6961BA3029EFD95D00B79DFB /* Debug */,
				6961BA3129EFD95D00B79DFB /* Release */,
			);
			defaultConfigurationIsVisible = 0;
			defaultConfigurationName = Release;
		};
		6961BA3229EFD95D00B79DFB /* Build configuration list for PBXNativeTarget "BluTask" */ = {
			isa = XCConfigurationList;
			buildConfigurations = (
				6961BA3329EFD95D00B79DFB /* Debug */,
				6961BA3429EFD95D00B79DFB /* Release */,
			);
			defaultConfigurationIsVisible = 0;
			defaultConfigurationName = Release;
		};
		6961BA3529EFD95D00B79DFB /* Build configuration list for PBXNativeTarget "BluTaskTests" */ = {
			isa = XCConfigurationList;
			buildConfigurations = (
				6961BA3629EFD95D00B79DFB /* Debug */,
				6961BA3729EFD95D00B79DFB /* Release */,
			);
			defaultConfigurationIsVisible = 0;
			defaultConfigurationName = Release;
		};
		6961BA3829EFD95D00B79DFB /* Build configuration list for PBXNativeTarget "BluTaskUITests" */ = {
			isa = XCConfigurationList;
			buildConfigurations = (
				6961BA3929EFD95D00B79DFB /* Debug */,
				6961BA3A29EFD95D00B79DFB /* Release */,
			);
			defaultConfigurationIsVisible = 0;
			defaultConfigurationName = Release;
		};
/* End XCConfigurationList section */

/* Begin XCVersionGroup section */
		6961BA1129EFD95C00B79DFB /* BluTask.xcdatamodeld */ = {
			isa = XCVersionGroup;
			children = (
				6961BA1229EFD95C00B79DFB /* BluTask.xcdatamodel */,
			);
			currentVersion = 6961BA1229EFD95C00B79DFB /* BluTask.xcdatamodel */;
			path = BluTask.xcdatamodeld;
			sourceTree = "<group>";
			versionGroupType = wrapper.xcdatamodel;
		};
/* End XCVersionGroup section */
	};
	rootObject = 6961B9FD29EFD95C00B79DFB /* Project object */;
}
